
Microsoft Visual Studio Solution File, Format Version 12.00
# Visual Studio Version 17
VisualStudioVersion = 17.1.32210.238
MinimumVisualStudioVersion = 10.0.40219.1
Project("{9A19103F-16F7-4668-BE54-9A1E7A4F7556}") = "Controllers", "App\Controllers\Controllers.csproj", "{2DEAD281-1A7D-4A7D-AFD5-2C6C554F113F}"
EndProject
Project("{9A19103F-16F7-4668-BE54-9A1E7A4F7556}") = "Models", "App\Models\Models.csproj", "{AA0AE80B-C33A-43EF-BFFE-B7B8B123666D}"
EndProject
Project("{9A19103F-16F7-4668-BE54-9A1E7A4F7556}") = "TripRate", "App\TripRate\TripRate.csproj", "{269AFDA8-3657-4CEF-AA74-C67CCA77FBCF}"
EndProject
Project("{FAE04EC0-301F-11D3-BF4B-00C04F79EFBC}") = "ControllerTests", "Tests\ControllerTests\ControllerTests.csproj", "{80ED0308-4784-4DB9-9258-78A2EFAEB194}"
EndProject
Project("{FAE04EC0-301F-11D3-BF4B-00C04F79EFBC}") = "ModelTests", "Tests\ModelTests\ModelTests.csproj", "{1A69A4E2-0D73-4E9E-A677-1D6FD90AD12F}"
EndProject
Global
	GlobalSection(SolutionConfigurationPlatforms) = preSolution
		Debug|Any CPU = Debug|Any CPU
		Release|Any CPU = Release|Any CPU
	EndGlobalSection
	GlobalSection(ProjectConfigurationPlatforms) = postSolution
		{2DEAD281-1A7D-4A7D-AFD5-2C6C554F113F}.Debug|Any CPU.ActiveCfg = Debug|Any CPU
		{2DEAD281-1A7D-4A7D-AFD5-2C6C554F113F}.Debug|Any CPU.Build.0 = Debug|Any CPU
		{2DEAD281-1A7D-4A7D-AFD5-2C6C554F113F}.Release|Any CPU.ActiveCfg = Release|Any CPU
		{2DEAD281-1A7D-4A7D-AFD5-2C6C554F113F}.Release|Any CPU.Build.0 = Release|Any CPU
		{AA0AE80B-C33A-43EF-BFFE-B7B8B123666D}.Debug|Any CPU.ActiveCfg = Debug|Any CPU
		{AA0AE80B-C33A-43EF-BFFE-B7B8B123666D}.Debug|Any CPU.Build.0 = Debug|Any CPU
		{AA0AE80B-C33A-43EF-BFFE-B7B8B123666D}.Release|Any CPU.ActiveCfg = Release|Any CPU
		{AA0AE80B-C33A-43EF-BFFE-B7B8B123666D}.Release|Any CPU.Build.0 = Release|Any CPU
		{269AFDA8-3657-4CEF-AA74-C67CCA77FBCF}.Debug|Any CPU.ActiveCfg = Debug|Any CPU
		{269AFDA8-3657-4CEF-AA74-C67CCA77FBCF}.Debug|Any CPU.Build.0 = Debug|Any CPU
		{269AFDA8-3657-4CEF-AA74-C67CCA77FBCF}.Release|Any CPU.ActiveCfg = Release|Any CPU
		{269AFDA8-3657-4CEF-AA74-C67CCA77FBCF}.Release|Any CPU.Build.0 = Release|Any CPU
		{80ED0308-4784-4DB9-9258-78A2EFAEB194}.Debug|Any CPU.ActiveCfg = Debug|Any CPU
		{80ED0308-4784-4DB9-9258-78A2EFAEB194}.Debug|Any CPU.Build.0 = Debug|Any CPU
		{80ED0308-4784-4DB9-9258-78A2EFAEB194}.Release|Any CPU.ActiveCfg = Release|Any CPU
		{80ED0308-4784-4DB9-9258-78A2EFAEB194}.Release|Any CPU.Build.0 = Release|Any CPU
		{1A69A4E2-0D73-4E9E-A677-1D6FD90AD12F}.Debug|Any CPU.ActiveCfg = Debug|Any CPU
		{1A69A4E2-0D73-4E9E-A677-1D6FD90AD12F}.Debug|Any CPU.Build.0 = Debug|Any CPU
		{1A69A4E2-0D73-4E9E-A677-1D6FD90AD12F}.Release|Any CPU.ActiveCfg = Release|Any CPU
		{1A69A4E2-0D73-4E9E-A677-1D6FD90AD12F}.Release|Any CPU.Build.0 = Release|Any CPU
	EndGlobalSection
	GlobalSection(SolutionProperties) = preSolution
		HideSolutionNode = FALSE
	EndGlobalSection
	GlobalSection(ExtensibilityGlobals) = postSolution
		SolutionGuid = {DA42A42F-46C8-41CA-9F3F-8A5810EF717A}
	EndGlobalSection
EndGlobal
